{
  "version": 4,
  "terraform_version": "1.1.3",
  "serial": 17,
  "lineage": "c6597541-fb49-d7e6-bf64-f8c64d89c684",
  "outputs": {
    "access_key": {
      "value": "IQM7zXhVqwkHa2aUoE2y",
      "type": "string",
      "sensitive": true
    },
    "external_ip_address_vm_1": {
      "value": "51.250.2.123",
      "type": "string"
    },
    "external_ip_address_vm_2": {
      "value": "62.84.121.112",
      "type": "string"
    },
    "internal_ip_address_vm_1": {
      "value": "192.168.10.9",
      "type": "string"
    },
    "internal_ip_address_vm_2": {
      "value": "192.168.11.3",
      "type": "string"
    },
    "secret_key": {
      "value": "90S8F8pkv-p12dMLh3j290WmPiwxWX89So9Emp1K",
      "type": "string",
      "sensitive": true
    }
  },
  "resources": [
    {
      "mode": "managed",
      "type": "yandex_iam_service_account",
      "name": "sa",
      "provider": "provider[\"registry.terraform.io/yandex-cloud/yandex\"]",
      "instances": [
        {
          "schema_version": 0,
          "attributes": {
            "created_at": "2022-01-27T09:12:11Z",
            "description": "",
            "folder_id": "b1gc3on1e618rn868jre",
            "id": "ajefrlifvecd021brvsd",
            "name": "sa-my",
            "timeouts": null
          },
          "sensitive_attributes": [],
          "private": "eyJlMmJmYjczMC1lY2FhLTExZTYtOGY4OC0zNDM2M2JjN2M0YzAiOnsiY3JlYXRlIjo2MDAwMDAwMDAwMCwiZGVsZXRlIjo2MDAwMDAwMDAwMCwidXBkYXRlIjo2MDAwMDAwMDAwMH19"
        }
      ]
    },
    {
      "mode": "managed",
      "type": "yandex_iam_service_account_static_access_key",
      "name": "sa-static-key",
      "provider": "provider[\"registry.terraform.io/yandex-cloud/yandex\"]",
      "instances": [
        {
          "schema_version": 0,
          "attributes": {
            "access_key": "IQM7zXhVqwkHa2aUoE2y",
            "created_at": "2022-01-27T09:12:12Z",
            "description": "static access key for object storage",
            "encrypted_secret_key": null,
            "id": "ajei2h6h9qodgq97br3g",
            "key_fingerprint": null,
            "pgp_key": null,
            "secret_key": "90S8F8pkv-p12dMLh3j290WmPiwxWX89So9Emp1K",
            "service_account_id": "ajefrlifvecd021brvsd"
          },
          "sensitive_attributes": [],
          "private": "bnVsbA==",
          "dependencies": [
            "yandex_iam_service_account.sa"
          ]
        }
      ]
    },
    {
      "mode": "managed",
      "type": "yandex_lb_network_load_balancer",
      "name": "vk-balancer",
      "provider": "provider[\"registry.terraform.io/yandex-cloud/yandex\"]",
      "instances": [
        {
          "schema_version": 0,
          "attributes": {
            "attached_target_group": [
              {
                "healthcheck": [
                  {
                    "healthy_threshold": 2,
                    "http_options": [
                      {
                        "path": "/",
                        "port": 80
                      }
                    ],
                    "interval": 2,
                    "name": "http",
                    "tcp_options": [],
                    "timeout": 1,
                    "unhealthy_threshold": 2
                  }
                ],
                "target_group_id": "enp2g1r3qgja0256kjv0"
              },
              {
                "healthcheck": [
                  {
                    "healthy_threshold": 2,
                    "http_options": [
                      {
                        "path": "/",
                        "port": 80
                      }
                    ],
                    "interval": 2,
                    "name": "http",
                    "tcp_options": [],
                    "timeout": 1,
                    "unhealthy_threshold": 2
                  }
                ],
                "target_group_id": "enpvlg6ufgp2m1jsuv02"
              }
            ],
            "created_at": "2022-01-27T09:12:38Z",
            "description": "",
            "folder_id": "b1g89f5r89pn75icpnk4",
            "id": "enpr74p3kgh331aiokmd",
            "labels": {},
            "listener": [
              {
                "external_address_spec": [
                  {
                    "address": "62.84.126.12",
                    "ip_version": "ipv4"
                  }
                ],
                "internal_address_spec": [],
                "name": "my-listener",
                "port": 80,
                "protocol": "tcp",
                "target_port": 80
              }
            ],
            "name": "my-network-load-balancer",
            "region_id": "ru-central1",
            "timeouts": null,
            "type": "external"
          },
          "sensitive_attributes": [],
          "private": "eyJlMmJmYjczMC1lY2FhLTExZTYtOGY4OC0zNDM2M2JjN2M0YzAiOnsiY3JlYXRlIjozMDAwMDAwMDAwMDAsImRlbGV0ZSI6MzAwMDAwMDAwMDAwLCJ1cGRhdGUiOjMwMDAwMDAwMDAwMH19",
          "dependencies": [
            "module.ya_instance_1.yandex_compute_instance.vm",
            "module.ya_instance_2.yandex_compute_instance.vm",
            "yandex_lb_target_group.tg-group2",
            "yandex_vpc_network.network",
            "yandex_vpc_subnet.subnet1",
            "module.ya_instance_1.data.yandex_compute_image.my_image",
            "module.ya_instance_2.data.yandex_compute_image.my_image",
            "yandex_lb_target_group.tg-group1",
            "yandex_vpc_subnet.subnet2"
          ]
        }
      ]
    },
    {
      "mode": "managed",
      "type": "yandex_lb_target_group",
      "name": "tg-group1",
      "provider": "provider[\"registry.terraform.io/yandex-cloud/yandex\"]",
      "instances": [
        {
          "schema_version": 0,
          "attributes": {
            "created_at": "2022-01-27T09:12:35Z",
            "description": "",
            "folder_id": "b1g89f5r89pn75icpnk4",
            "id": "enpvlg6ufgp2m1jsuv02",
            "labels": {},
            "name": "tg-group1",
            "region_id": "ru-central1",
            "target": [
              {
                "address": "192.168.10.9",
                "subnet_id": "e9bgmhn0lmu13dkbasbk"
              }
            ],
            "timeouts": null
          },
          "sensitive_attributes": [],
          "private": "eyJlMmJmYjczMC1lY2FhLTExZTYtOGY4OC0zNDM2M2JjN2M0YzAiOnsiY3JlYXRlIjozMDAwMDAwMDAwMDAsImRlbGV0ZSI6MzAwMDAwMDAwMDAwLCJ1cGRhdGUiOjMwMDAwMDAwMDAwMH19",
          "dependencies": [
            "yandex_vpc_subnet.subnet1",
            "module.ya_instance_1.data.yandex_compute_image.my_image",
            "module.ya_instance_1.yandex_compute_instance.vm",
            "yandex_vpc_network.network"
          ]
        }
      ]
    },
    {
      "mode": "managed",
      "type": "yandex_lb_target_group",
      "name": "tg-group2",
      "provider": "provider[\"registry.terraform.io/yandex-cloud/yandex\"]",
      "instances": [
        {
          "schema_version": 0,
          "attributes": {
            "created_at": "2022-01-27T09:12:36Z",
            "description": "",
            "folder_id": "b1g89f5r89pn75icpnk4",
            "id": "enp2g1r3qgja0256kjv0",
            "labels": {},
            "name": "tg-group2",
            "region_id": "ru-central1",
            "target": [
              {
                "address": "192.168.11.3",
                "subnet_id": "e2lpqec9lre1j097bijl"
              }
            ],
            "timeouts": null
          },
          "sensitive_attributes": [],
          "private": "eyJlMmJmYjczMC1lY2FhLTExZTYtOGY4OC0zNDM2M2JjN2M0YzAiOnsiY3JlYXRlIjozMDAwMDAwMDAwMDAsImRlbGV0ZSI6MzAwMDAwMDAwMDAwLCJ1cGRhdGUiOjMwMDAwMDAwMDAwMH19",
          "dependencies": [
            "module.ya_instance_2.yandex_compute_instance.vm",
            "yandex_vpc_network.network",
            "yandex_vpc_subnet.subnet2",
            "module.ya_instance_2.data.yandex_compute_image.my_image"
          ]
        }
      ]
    },
    {
      "mode": "managed",
      "type": "yandex_resourcemanager_folder_iam_member",
      "name": "sa-editor",
      "provider": "provider[\"registry.terraform.io/yandex-cloud/yandex\"]",
      "instances": [
        {
          "schema_version": 0,
          "attributes": {
            "folder_id": "b1gc3on1e618rn868jre",
            "id": "b1gc3on1e618rn868jre/storage.editor/serviceAccount:ajefrlifvecd021brvsd",
            "member": "serviceAccount:ajefrlifvecd021brvsd",
            "role": "storage.editor",
            "sleep_after": null
          },
          "sensitive_attributes": [],
          "private": "bnVsbA==",
          "dependencies": [
            "yandex_iam_service_account.sa"
          ]
        }
      ]
    },
    {
      "mode": "managed",
      "type": "yandex_storage_bucket",
      "name": "state",
      "provider": "provider[\"registry.terraform.io/yandex-cloud/yandex\"]",
      "instances": [
        {
          "schema_version": 0,
          "attributes": {
            "access_key": "IQM7zXhVqwkHa2aUoE2y",
            "acl": "private",
            "bucket": "tf-state-bucket-vk",
            "bucket_domain_name": "tf-state-bucket-vk.storage.yandexcloud.net",
            "bucket_prefix": null,
            "cors_rule": [],
            "force_destroy": false,
            "grant": [],
            "id": "tf-state-bucket-vk",
            "lifecycle_rule": [],
            "logging": [],
            "policy": null,
            "secret_key": "90S8F8pkv-p12dMLh3j290WmPiwxWX89So9Emp1K",
            "server_side_encryption_configuration": [],
            "versioning": [
              {
                "enabled": false
              }
            ],
            "website": [],
            "website_domain": null,
            "website_endpoint": null
          },
          "sensitive_attributes": [
            [
              {
                "type": "get_attr",
                "value": "secret_key"
              }
            ]
          ],
          "private": "bnVsbA==",
          "dependencies": [
            "yandex_iam_service_account_static_access_key.sa-static-key"
          ]
        }
      ]
    },
    {
      "mode": "managed",
      "type": "yandex_vpc_network",
      "name": "network",
      "provider": "provider[\"registry.terraform.io/yandex-cloud/yandex\"]",
      "instances": [
        {
          "schema_version": 0,
          "attributes": {
            "created_at": "2022-01-27T09:12:11Z",
            "default_security_group_id": "",
            "description": "",
            "folder_id": "b1g89f5r89pn75icpnk4",
            "id": "enpoqlb228r3n5l49tod",
            "labels": {},
            "name": "network",
            "subnet_ids": [
              "e2lpqec9lre1j097bijl",
              "e9bgmhn0lmu13dkbasbk"
            ],
            "timeouts": null
          },
          "sensitive_attributes": [],
          "private": "eyJlMmJmYjczMC1lY2FhLTExZTYtOGY4OC0zNDM2M2JjN2M0YzAiOnsiY3JlYXRlIjo2MDAwMDAwMDAwMCwiZGVsZXRlIjo2MDAwMDAwMDAwMCwidXBkYXRlIjo2MDAwMDAwMDAwMH19"
        }
      ]
    },
    {
      "mode": "managed",
      "type": "yandex_vpc_subnet",
      "name": "subnet1",
      "provider": "provider[\"registry.terraform.io/yandex-cloud/yandex\"]",
      "instances": [
        {
          "schema_version": 0,
          "attributes": {
            "created_at": "2022-01-27T09:12:12Z",
            "description": "",
            "dhcp_options": [],
            "folder_id": "b1g89f5r89pn75icpnk4",
            "id": "e9bgmhn0lmu13dkbasbk",
            "labels": {},
            "name": "subnet1",
            "network_id": "enpoqlb228r3n5l49tod",
            "route_table_id": "",
            "timeouts": null,
            "v4_cidr_blocks": [
              "192.168.10.0/24"
            ],
            "v6_cidr_blocks": [],
            "zone": "ru-central1-a"
          },
          "sensitive_attributes": [],
          "private": "eyJlMmJmYjczMC1lY2FhLTExZTYtOGY4OC0zNDM2M2JjN2M0YzAiOnsiY3JlYXRlIjoxODAwMDAwMDAwMDAsImRlbGV0ZSI6MTgwMDAwMDAwMDAwLCJ1cGRhdGUiOjE4MDAwMDAwMDAwMH19",
          "dependencies": [
            "yandex_vpc_network.network"
          ]
        }
      ]
    },
    {
      "mode": "managed",
      "type": "yandex_vpc_subnet",
      "name": "subnet2",
      "provider": "provider[\"registry.terraform.io/yandex-cloud/yandex\"]",
      "instances": [
        {
          "schema_version": 0,
          "attributes": {
            "created_at": "2022-01-27T09:12:12Z",
            "description": "",
            "dhcp_options": [],
            "folder_id": "b1g89f5r89pn75icpnk4",
            "id": "e2lpqec9lre1j097bijl",
            "labels": {},
            "name": "subnet2",
            "network_id": "enpoqlb228r3n5l49tod",
            "route_table_id": "",
            "timeouts": null,
            "v4_cidr_blocks": [
              "192.168.11.0/24"
            ],
            "v6_cidr_blocks": [],
            "zone": "ru-central1-b"
          },
          "sensitive_attributes": [],
          "private": "eyJlMmJmYjczMC1lY2FhLTExZTYtOGY4OC0zNDM2M2JjN2M0YzAiOnsiY3JlYXRlIjoxODAwMDAwMDAwMDAsImRlbGV0ZSI6MTgwMDAwMDAwMDAwLCJ1cGRhdGUiOjE4MDAwMDAwMDAwMH19",
          "dependencies": [
            "yandex_vpc_network.network"
          ]
        }
      ]
    },
    {
      "module": "module.ya_instance_1",
      "mode": "data",
      "type": "yandex_compute_image",
      "name": "my_image",
      "provider": "provider[\"registry.terraform.io/yandex-cloud/yandex\"]",
      "instances": [
        {
          "schema_version": 0,
          "attributes": {
            "created_at": "2022-01-24T10:38:09Z",
            "description": "LEMP",
            "family": "lemp",
            "folder_id": "standard-images",
            "id": "fd8colc46fjvcbpi38cn",
            "image_id": "fd8colc46fjvcbpi38cn",
            "labels": {},
            "min_disk_size": 3,
            "name": "lemp-v20220124",
            "os_type": "linux",
            "product_ids": [
              "f2ejfhfe5borfqsm87mn",
              "f2ejtsua21eegoprapog"
            ],
            "size": 2,
            "status": "ready"
          },
          "sensitive_attributes": []
        }
      ]
    },
    {
      "module": "module.ya_instance_1",
      "mode": "managed",
      "type": "yandex_compute_instance",
      "name": "vm",
      "provider": "provider[\"registry.terraform.io/yandex-cloud/yandex\"]",
      "instances": [
        {
          "schema_version": 1,
          "attributes": {
            "allow_stopping_for_update": null,
            "boot_disk": [
              {
                "auto_delete": true,
                "device_name": "fhm9fgtc4cu5rsr7419f",
                "disk_id": "fhm9fgtc4cu5rsr7419f",
                "initialize_params": [
                  {
                    "description": "",
                    "image_id": "fd8colc46fjvcbpi38cn",
                    "name": "",
                    "size": 3,
                    "snapshot_id": "",
                    "type": "network-hdd"
                  }
                ],
                "mode": "READ_WRITE"
              }
            ],
            "created_at": "2022-01-27T09:12:13Z",
            "description": "",
            "folder_id": "b1g89f5r89pn75icpnk4",
            "fqdn": "fhmp98h5af69j5j1v6ad.auto.internal",
            "hostname": "fhmp98h5af69j5j1v6ad",
            "id": "fhmp98h5af69j5j1v6ad",
            "labels": {},
            "metadata": {
              "ssh-keys": "ubuntu:ssh-rsa AAAAB3NzaC1yc2EAAAADAQABAAABAQChT53E60zkinr1rBB0tGgpgNeryhu6vP5Vb4qt1O7+NA3HQ0AKmZ7DVka6nUH4J9TCH65LthiqSTBl55mxp9GjCU/09bqD75IsUqbNsoQGes7V2lcBkENemJEGK7Kk/6bMMWAkFmr6lg12d+0SyH5zZ/avzXzTcNRyzVfjAJdfJsAtqxblT2HhL252g1ekaWRIdUX4gsG2W8AORWq5820rqIDTXE90jfc3wTOcu03M6KPENtwJRWPrRyGOwI+P8sh37agNc2OHl2t7KcZETsq7C0096x6CKHCeyd9mPShidWlpt7NlH2Yim0HxfphvYsX0qEN+GXF09r9GJ4Qtc0kX jprog@DESKTOP-HA1RBIH\r\n"
            },
            "name": "terraform-lemp",
            "network_acceleration_type": "standard",
            "network_interface": [
              {
                "dns_record": [],
                "index": 0,
                "ip_address": "192.168.10.9",
                "ipv4": true,
                "ipv6": false,
                "ipv6_address": "",
                "ipv6_dns_record": [],
                "mac_address": "d0:0d:19:4a:22:55",
                "nat": true,
                "nat_dns_record": [],
                "nat_ip_address": "51.250.2.123",
                "nat_ip_version": "IPV4",
                "security_group_ids": [],
                "subnet_id": "e9bgmhn0lmu13dkbasbk"
              }
            ],
            "placement_policy": [
              {
                "placement_group_id": ""
              }
            ],
            "platform_id": "standard-v1",
            "resources": [
              {
                "core_fraction": 100,
                "cores": 2,
                "gpus": 0,
                "memory": 2
              }
            ],
            "scheduling_policy": [
              {
                "preemptible": false
              }
            ],
            "secondary_disk": [],
            "service_account_id": "",
            "status": "running",
            "timeouts": null,
            "zone": "ru-central1-a"
          },
          "sensitive_attributes": [],
          "private": "eyJlMmJmYjczMC1lY2FhLTExZTYtOGY4OC0zNDM2M2JjN2M0YzAiOnsiY3JlYXRlIjozMDAwMDAwMDAwMDAsImRlbGV0ZSI6MzAwMDAwMDAwMDAwLCJ1cGRhdGUiOjMwMDAwMDAwMDAwMH0sInNjaGVtYV92ZXJzaW9uIjoiMSJ9",
          "dependencies": [
            "yandex_vpc_network.network",
            "yandex_vpc_subnet.subnet1",
            "module.ya_instance_1.data.yandex_compute_image.my_image"
          ]
        }
      ]
    },
    {
      "module": "module.ya_instance_2",
      "mode": "data",
      "type": "yandex_compute_image",
      "name": "my_image",
      "provider": "provider[\"registry.terraform.io/yandex-cloud/yandex\"]",
      "instances": [
        {
          "schema_version": 0,
          "attributes": {
            "created_at": "2022-01-24T11:03:27Z",
            "description": "LAMP",
            "family": "lamp",
            "folder_id": "standard-images",
            "id": "fd80sck00uh100at60tu",
            "image_id": "fd80sck00uh100at60tu",
            "labels": {},
            "min_disk_size": 3,
            "name": "lamp-v20220124",
            "os_type": "linux",
            "product_ids": [
              "f2e9cl78ru2imunods64",
              "f2ejfhfe5borfqsm87mn"
            ],
            "size": 2,
            "status": "ready"
          },
          "sensitive_attributes": []
        }
      ]
    },
    {
      "module": "module.ya_instance_2",
      "mode": "managed",
      "type": "yandex_compute_instance",
      "name": "vm",
      "provider": "provider[\"registry.terraform.io/yandex-cloud/yandex\"]",
      "instances": [
        {
          "schema_version": 1,
          "attributes": {
            "allow_stopping_for_update": null,
            "boot_disk": [
              {
                "auto_delete": true,
                "device_name": "epd04lbbf4grle5i38bk",
                "disk_id": "epd04lbbf4grle5i38bk",
                "initialize_params": [
                  {
                    "description": "",
                    "image_id": "fd80sck00uh100at60tu",
                    "name": "",
                    "size": 3,
                    "snapshot_id": "",
                    "type": "network-hdd"
                  }
                ],
                "mode": "READ_WRITE"
              }
            ],
            "created_at": "2022-01-27T09:12:14Z",
            "description": "",
            "folder_id": "b1g89f5r89pn75icpnk4",
            "fqdn": "epd701k79nht9k8fo5m4.auto.internal",
            "hostname": "epd701k79nht9k8fo5m4",
            "id": "epd701k79nht9k8fo5m4",
            "labels": {},
            "metadata": {
              "ssh-keys": "ubuntu:ssh-rsa AAAAB3NzaC1yc2EAAAADAQABAAABAQChT53E60zkinr1rBB0tGgpgNeryhu6vP5Vb4qt1O7+NA3HQ0AKmZ7DVka6nUH4J9TCH65LthiqSTBl55mxp9GjCU/09bqD75IsUqbNsoQGes7V2lcBkENemJEGK7Kk/6bMMWAkFmr6lg12d+0SyH5zZ/avzXzTcNRyzVfjAJdfJsAtqxblT2HhL252g1ekaWRIdUX4gsG2W8AORWq5820rqIDTXE90jfc3wTOcu03M6KPENtwJRWPrRyGOwI+P8sh37agNc2OHl2t7KcZETsq7C0096x6CKHCeyd9mPShidWlpt7NlH2Yim0HxfphvYsX0qEN+GXF09r9GJ4Qtc0kX jprog@DESKTOP-HA1RBIH\r\n"
            },
            "name": "terraform-lamp",
            "network_acceleration_type": "standard",
            "network_interface": [
              {
                "dns_record": [],
                "index": 0,
                "ip_address": "192.168.11.3",
                "ipv4": true,
                "ipv6": false,
                "ipv6_address": "",
                "ipv6_dns_record": [],
                "mac_address": "d0:0d:70:06:87:4d",
                "nat": true,
                "nat_dns_record": [],
                "nat_ip_address": "62.84.121.112",
                "nat_ip_version": "IPV4",
                "security_group_ids": [],
                "subnet_id": "e2lpqec9lre1j097bijl"
              }
            ],
            "placement_policy": [
              {
                "placement_group_id": ""
              }
            ],
            "platform_id": "standard-v1",
            "resources": [
              {
                "core_fraction": 100,
                "cores": 2,
                "gpus": 0,
                "memory": 2
              }
            ],
            "scheduling_policy": [
              {
                "preemptible": false
              }
            ],
            "secondary_disk": [],
            "service_account_id": "",
            "status": "running",
            "timeouts": null,
            "zone": "ru-central1-b"
          },
          "sensitive_attributes": [],
          "private": "eyJlMmJmYjczMC1lY2FhLTExZTYtOGY4OC0zNDM2M2JjN2M0YzAiOnsiY3JlYXRlIjozMDAwMDAwMDAwMDAsImRlbGV0ZSI6MzAwMDAwMDAwMDAwLCJ1cGRhdGUiOjMwMDAwMDAwMDAwMH0sInNjaGVtYV92ZXJzaW9uIjoiMSJ9",
          "dependencies": [
            "module.ya_instance_2.data.yandex_compute_image.my_image",
            "yandex_vpc_network.network",
            "yandex_vpc_subnet.subnet2"
          ]
        }
      ]
    }
  ]
}
